
Microsoft Visual Studio Solution File, Format Version 12.00
# Visual Studio Version 16
VisualStudioVersion = 16.0.30717.126
MinimumVisualStudioVersion = 10.0.40219.1
Project("{FAE04EC0-301F-11D3-BF4B-00C04F79EFBC}") = "MISA.IMS.Service", "MISA.IMS.Service\MISA.IMS.Service.csproj", "{C3B040DE-0C10-4009-A513-03743979F3E4}"
EndProject
Project("{FAE04EC0-301F-11D3-BF4B-00C04F79EFBC}") = "MISA.IMS.Common", "MISA.IMS.Common\MISA.IMS.Common.csproj", "{8B6367F6-7580-4AA5-A7BA-E185916C7C01}"
EndProject
Project("{FAE04EC0-301F-11D3-BF4B-00C04F79EFBC}") = "MISA.IMS.DL", "MISA.IMS.DL\MISA.IMS.DL.csproj", "{D35C59E4-9E2B-45A5-8E28-D2B87714811E}"
EndProject
Project("{FAE04EC0-301F-11D3-BF4B-00C04F79EFBC}") = "MISA.IMS.BL", "MISA.IMS.BL\MISA.IMS.BL.csproj", "{0C95839C-4755-4826-95C5-461F6EE63568}"
EndProject
Project("{FAE04EC0-301F-11D3-BF4B-00C04F79EFBC}") = "MISA.IMS.Data", "MISA.IMS.Data\MISA.IMS.Data.csproj", "{DD796834-1C71-4F33-BF84-00B92F44A8C1}"
EndProject
Project("{FAE04EC0-301F-11D3-BF4B-00C04F79EFBC}") = "MISA.IMS.Core", "MISA.IMS.Core\MISA.IMS.Core.csproj", "{E6E7368B-7EFE-4B17-8E43-B26221FA7F4F}"
EndProject
Project("{2150E333-8FDC-42A3-9474-1A3956D46DE8}") = "Application", "Application", "{939B882C-EBF7-46A8-A66D-CED5E9651BF8}"
EndProject
Project("{2150E333-8FDC-42A3-9474-1A3956D46DE8}") = "Libs", "Libs", "{031D0C7C-29C9-4949-9920-8C78307CDFDD}"
EndProject
Global
	GlobalSection(SolutionConfigurationPlatforms) = preSolution
		Debug|Any CPU = Debug|Any CPU
		Release|Any CPU = Release|Any CPU
	EndGlobalSection
	GlobalSection(ProjectConfigurationPlatforms) = postSolution
		{C3B040DE-0C10-4009-A513-03743979F3E4}.Debug|Any CPU.ActiveCfg = Debug|Any CPU
		{C3B040DE-0C10-4009-A513-03743979F3E4}.Debug|Any CPU.Build.0 = Debug|Any CPU
		{C3B040DE-0C10-4009-A513-03743979F3E4}.Release|Any CPU.ActiveCfg = Release|Any CPU
		{C3B040DE-0C10-4009-A513-03743979F3E4}.Release|Any CPU.Build.0 = Release|Any CPU
		{8B6367F6-7580-4AA5-A7BA-E185916C7C01}.Debug|Any CPU.ActiveCfg = Debug|Any CPU
		{8B6367F6-7580-4AA5-A7BA-E185916C7C01}.Debug|Any CPU.Build.0 = Debug|Any CPU
		{8B6367F6-7580-4AA5-A7BA-E185916C7C01}.Release|Any CPU.ActiveCfg = Release|Any CPU
		{8B6367F6-7580-4AA5-A7BA-E185916C7C01}.Release|Any CPU.Build.0 = Release|Any CPU
		{D35C59E4-9E2B-45A5-8E28-D2B87714811E}.Debug|Any CPU.ActiveCfg = Debug|Any CPU
		{D35C59E4-9E2B-45A5-8E28-D2B87714811E}.Debug|Any CPU.Build.0 = Debug|Any CPU
		{D35C59E4-9E2B-45A5-8E28-D2B87714811E}.Release|Any CPU.ActiveCfg = Release|Any CPU
		{D35C59E4-9E2B-45A5-8E28-D2B87714811E}.Release|Any CPU.Build.0 = Release|Any CPU
		{0C95839C-4755-4826-95C5-461F6EE63568}.Debug|Any CPU.ActiveCfg = Debug|Any CPU
		{0C95839C-4755-4826-95C5-461F6EE63568}.Debug|Any CPU.Build.0 = Debug|Any CPU
		{0C95839C-4755-4826-95C5-461F6EE63568}.Release|Any CPU.ActiveCfg = Release|Any CPU
		{0C95839C-4755-4826-95C5-461F6EE63568}.Release|Any CPU.Build.0 = Release|Any CPU
		{DD796834-1C71-4F33-BF84-00B92F44A8C1}.Debug|Any CPU.ActiveCfg = Debug|Any CPU
		{DD796834-1C71-4F33-BF84-00B92F44A8C1}.Debug|Any CPU.Build.0 = Debug|Any CPU
		{DD796834-1C71-4F33-BF84-00B92F44A8C1}.Release|Any CPU.ActiveCfg = Release|Any CPU
		{DD796834-1C71-4F33-BF84-00B92F44A8C1}.Release|Any CPU.Build.0 = Release|Any CPU
		{E6E7368B-7EFE-4B17-8E43-B26221FA7F4F}.Debug|Any CPU.ActiveCfg = Debug|Any CPU
		{E6E7368B-7EFE-4B17-8E43-B26221FA7F4F}.Debug|Any CPU.Build.0 = Debug|Any CPU
		{E6E7368B-7EFE-4B17-8E43-B26221FA7F4F}.Release|Any CPU.ActiveCfg = Release|Any CPU
		{E6E7368B-7EFE-4B17-8E43-B26221FA7F4F}.Release|Any CPU.Build.0 = Release|Any CPU
	EndGlobalSection
	GlobalSection(SolutionProperties) = preSolution
		HideSolutionNode = FALSE
	EndGlobalSection
	GlobalSection(NestedProjects) = preSolution
		{C3B040DE-0C10-4009-A513-03743979F3E4} = {939B882C-EBF7-46A8-A66D-CED5E9651BF8}
		{8B6367F6-7580-4AA5-A7BA-E185916C7C01} = {031D0C7C-29C9-4949-9920-8C78307CDFDD}
		{D35C59E4-9E2B-45A5-8E28-D2B87714811E} = {031D0C7C-29C9-4949-9920-8C78307CDFDD}
		{0C95839C-4755-4826-95C5-461F6EE63568} = {031D0C7C-29C9-4949-9920-8C78307CDFDD}
		{DD796834-1C71-4F33-BF84-00B92F44A8C1} = {031D0C7C-29C9-4949-9920-8C78307CDFDD}
		{E6E7368B-7EFE-4B17-8E43-B26221FA7F4F} = {031D0C7C-29C9-4949-9920-8C78307CDFDD}
	EndGlobalSection
	GlobalSection(ExtensibilityGlobals) = postSolution
		SolutionGuid = {CA274A0C-8421-4BBC-91E5-B2241893076E}
	EndGlobalSection
EndGlobal
